
Microsoft Visual Studio Solution File, Format Version 12.00
# Visual Studio Version 17
VisualStudioVersion = 17.6.33723.286
MinimumVisualStudioVersion = 10.0.40219.1
Project("{FAE04EC0-301F-11D3-BF4B-00C04F79EFBC}") = "BK_Server", "BK_Server\BK_Server.csproj", "{1795B3EF-E9D0-4240-9C53-16564A37DBBB}"
EndProject
Global
	GlobalSection(SolutionConfigurationPlatforms) = preSolution
		Debug|Any CPU = Debug|Any CPU
		Release|Any CPU = Release|Any CPU
	EndGlobalSection
	GlobalSection(ProjectConfigurationPlatforms) = postSolution
		{1795B3EF-E9D0-4240-9C53-16564A37DBBB}.Debug|Any CPU.ActiveCfg = Debug|Any CPU
		{1795B3EF-E9D0-4240-9C53-16564A37DBBB}.Debug|Any CPU.Build.0 = Debug|Any CPU
		{1795B3EF-E9D0-4240-9C53-16564A37DBBB}.Release|Any CPU.ActiveCfg = Release|Any CPU
		{1795B3EF-E9D0-4240-9C53-16564A37DBBB}.Release|Any CPU.Build.0 = Release|Any CPU
	EndGlobalSection
	GlobalSection(SolutionProperties) = preSolution
		HideSolutionNode = FALSE
	EndGlobalSection
	GlobalSection(ExtensibilityGlobals) = postSolution
		SolutionGuid = {04E01FC5-87B6-4604-BDF7-28C067135EF6}
	EndGlobalSection
EndGlobal
